
Microsoft Visual Studio Solution File, Format Version 12.00
# Visual Studio Version 17
VisualStudioVersion = 17.8.34316.72
MinimumVisualStudioVersion = 10.0.40219.1
Project("{9A19103F-16F7-4668-BE54-9A1E7A4F7556}") = "UsersWebApp", "UsersWebApp\UsersWebApp.csproj", "{771A7AD7-50DA-434D-9F1B-DFB5075567BC}"
EndProject
Global
	GlobalSection(SolutionConfigurationPlatforms) = preSolution
		Debug|Any CPU = Debug|Any CPU
		Release|Any CPU = Release|Any CPU
	EndGlobalSection
	GlobalSection(ProjectConfigurationPlatforms) = postSolution
		{771A7AD7-50DA-434D-9F1B-DFB5075567BC}.Debug|Any CPU.ActiveCfg = Debug|Any CPU
		{771A7AD7-50DA-434D-9F1B-DFB5075567BC}.Debug|Any CPU.Build.0 = Debug|Any CPU
		{771A7AD7-50DA-434D-9F1B-DFB5075567BC}.Release|Any CPU.ActiveCfg = Release|Any CPU
		{771A7AD7-50DA-434D-9F1B-DFB5075567BC}.Release|Any CPU.Build.0 = Release|Any CPU
	EndGlobalSection
	GlobalSection(SolutionProperties) = preSolution
		HideSolutionNode = FALSE
	EndGlobalSection
	GlobalSection(ExtensibilityGlobals) = postSolution
		SolutionGuid = {310722DF-5B78-44E5-AC33-58D72F9BD2CD}
	EndGlobalSection
EndGlobal
